
Microsoft Visual Studio Solution File, Format Version 12.00
# Visual Studio Version 17
VisualStudioVersion = 17.9.34622.214
MinimumVisualStudioVersion = 10.0.40219.1
Project("{9A19103F-16F7-4668-BE54-9A1E7A4F7556}") = "RKMediaGallery", "src\RKMediaGallery\RKMediaGallery.csproj", "{269B9B95-940D-4782-8D9B-3BD08F4679BB}"
EndProject
Project("{9A19103F-16F7-4668-BE54-9A1E7A4F7556}") = "RKMediaGallery.ExceptionViewer", "src\RKMediaGallery.ExceptionViewer\RKMediaGallery.ExceptionViewer.csproj", "{2F285588-D34F-4447-8D98-DDFA5348E4BA}"
EndProject
Project("{9A19103F-16F7-4668-BE54-9A1E7A4F7556}") = "RKMediaGallery.Tests", "src\RKMediaGallery.Tests\RKMediaGallery.Tests.csproj", "{3D6B1545-348A-4AB7-B091-218CC9CFF78A}"
EndProject
Project("{C7167F0D-BC9F-4E6E-AFE1-012C56B48DB5}") = "RKMediaGallery.WindowsApp", "src\RKMediaGallery.WindowsApp\RKMediaGallery.WindowsApp.wapproj", "{D04AA80D-AA80-497A-AF44-86867DE8FB10}"
EndProject
Global
	GlobalSection(SolutionConfigurationPlatforms) = preSolution
		Debug|Any CPU = Debug|Any CPU
		Debug|ARM = Debug|ARM
		Debug|ARM64 = Debug|ARM64
		Debug|x64 = Debug|x64
		Debug|x86 = Debug|x86
		Release|Any CPU = Release|Any CPU
		Release|ARM = Release|ARM
		Release|ARM64 = Release|ARM64
		Release|x64 = Release|x64
		Release|x86 = Release|x86
	EndGlobalSection
	GlobalSection(ProjectConfigurationPlatforms) = postSolution
		{269B9B95-940D-4782-8D9B-3BD08F4679BB}.Debug|Any CPU.ActiveCfg = Debug|Any CPU
		{269B9B95-940D-4782-8D9B-3BD08F4679BB}.Debug|Any CPU.Build.0 = Debug|Any CPU
		{269B9B95-940D-4782-8D9B-3BD08F4679BB}.Debug|ARM.ActiveCfg = Debug|Any CPU
		{269B9B95-940D-4782-8D9B-3BD08F4679BB}.Debug|ARM.Build.0 = Debug|Any CPU
		{269B9B95-940D-4782-8D9B-3BD08F4679BB}.Debug|ARM64.ActiveCfg = Debug|Any CPU
		{269B9B95-940D-4782-8D9B-3BD08F4679BB}.Debug|ARM64.Build.0 = Debug|Any CPU
		{269B9B95-940D-4782-8D9B-3BD08F4679BB}.Debug|x64.ActiveCfg = Debug|Any CPU
		{269B9B95-940D-4782-8D9B-3BD08F4679BB}.Debug|x64.Build.0 = Debug|Any CPU
		{269B9B95-940D-4782-8D9B-3BD08F4679BB}.Debug|x86.ActiveCfg = Debug|Any CPU
		{269B9B95-940D-4782-8D9B-3BD08F4679BB}.Debug|x86.Build.0 = Debug|Any CPU
		{269B9B95-940D-4782-8D9B-3BD08F4679BB}.Release|Any CPU.ActiveCfg = Release|Any CPU
		{269B9B95-940D-4782-8D9B-3BD08F4679BB}.Release|Any CPU.Build.0 = Release|Any CPU
		{269B9B95-940D-4782-8D9B-3BD08F4679BB}.Release|ARM.ActiveCfg = Release|Any CPU
		{269B9B95-940D-4782-8D9B-3BD08F4679BB}.Release|ARM.Build.0 = Release|Any CPU
		{269B9B95-940D-4782-8D9B-3BD08F4679BB}.Release|ARM64.ActiveCfg = Release|Any CPU
		{269B9B95-940D-4782-8D9B-3BD08F4679BB}.Release|ARM64.Build.0 = Release|Any CPU
		{269B9B95-940D-4782-8D9B-3BD08F4679BB}.Release|x64.ActiveCfg = Release|Any CPU
		{269B9B95-940D-4782-8D9B-3BD08F4679BB}.Release|x64.Build.0 = Release|Any CPU
		{269B9B95-940D-4782-8D9B-3BD08F4679BB}.Release|x86.ActiveCfg = Release|Any CPU
		{269B9B95-940D-4782-8D9B-3BD08F4679BB}.Release|x86.Build.0 = Release|Any CPU
		{2F285588-D34F-4447-8D98-DDFA5348E4BA}.Debug|Any CPU.ActiveCfg = Debug|Any CPU
		{2F285588-D34F-4447-8D98-DDFA5348E4BA}.Debug|Any CPU.Build.0 = Debug|Any CPU
		{2F285588-D34F-4447-8D98-DDFA5348E4BA}.Debug|ARM.ActiveCfg = Debug|Any CPU
		{2F285588-D34F-4447-8D98-DDFA5348E4BA}.Debug|ARM.Build.0 = Debug|Any CPU
		{2F285588-D34F-4447-8D98-DDFA5348E4BA}.Debug|ARM64.ActiveCfg = Debug|Any CPU
		{2F285588-D34F-4447-8D98-DDFA5348E4BA}.Debug|ARM64.Build.0 = Debug|Any CPU
		{2F285588-D34F-4447-8D98-DDFA5348E4BA}.Debug|x64.ActiveCfg = Debug|Any CPU
		{2F285588-D34F-4447-8D98-DDFA5348E4BA}.Debug|x64.Build.0 = Debug|Any CPU
		{2F285588-D34F-4447-8D98-DDFA5348E4BA}.Debug|x86.ActiveCfg = Debug|Any CPU
		{2F285588-D34F-4447-8D98-DDFA5348E4BA}.Debug|x86.Build.0 = Debug|Any CPU
		{2F285588-D34F-4447-8D98-DDFA5348E4BA}.Release|Any CPU.ActiveCfg = Release|Any CPU
		{2F285588-D34F-4447-8D98-DDFA5348E4BA}.Release|Any CPU.Build.0 = Release|Any CPU
		{2F285588-D34F-4447-8D98-DDFA5348E4BA}.Release|ARM.ActiveCfg = Release|Any CPU
		{2F285588-D34F-4447-8D98-DDFA5348E4BA}.Release|ARM.Build.0 = Release|Any CPU
		{2F285588-D34F-4447-8D98-DDFA5348E4BA}.Release|ARM64.ActiveCfg = Release|Any CPU
		{2F285588-D34F-4447-8D98-DDFA5348E4BA}.Release|ARM64.Build.0 = Release|Any CPU
		{2F285588-D34F-4447-8D98-DDFA5348E4BA}.Release|x64.ActiveCfg = Release|Any CPU
		{2F285588-D34F-4447-8D98-DDFA5348E4BA}.Release|x64.Build.0 = Release|Any CPU
		{2F285588-D34F-4447-8D98-DDFA5348E4BA}.Release|x86.ActiveCfg = Release|Any CPU
		{2F285588-D34F-4447-8D98-DDFA5348E4BA}.Release|x86.Build.0 = Release|Any CPU
		{3D6B1545-348A-4AB7-B091-218CC9CFF78A}.Debug|Any CPU.ActiveCfg = Debug|Any CPU
		{3D6B1545-348A-4AB7-B091-218CC9CFF78A}.Debug|Any CPU.Build.0 = Debug|Any CPU
		{3D6B1545-348A-4AB7-B091-218CC9CFF78A}.Debug|ARM.ActiveCfg = Debug|Any CPU
		{3D6B1545-348A-4AB7-B091-218CC9CFF78A}.Debug|ARM.Build.0 = Debug|Any CPU
		{3D6B1545-348A-4AB7-B091-218CC9CFF78A}.Debug|ARM64.ActiveCfg = Debug|Any CPU
		{3D6B1545-348A-4AB7-B091-218CC9CFF78A}.Debug|ARM64.Build.0 = Debug|Any CPU
		{3D6B1545-348A-4AB7-B091-218CC9CFF78A}.Debug|x64.ActiveCfg = Debug|Any CPU
		{3D6B1545-348A-4AB7-B091-218CC9CFF78A}.Debug|x64.Build.0 = Debug|Any CPU
		{3D6B1545-348A-4AB7-B091-218CC9CFF78A}.Debug|x86.ActiveCfg = Debug|Any CPU
		{3D6B1545-348A-4AB7-B091-218CC9CFF78A}.Debug|x86.Build.0 = Debug|Any CPU
		{3D6B1545-348A-4AB7-B091-218CC9CFF78A}.Release|Any CPU.ActiveCfg = Release|Any CPU
		{3D6B1545-348A-4AB7-B091-218CC9CFF78A}.Release|Any CPU.Build.0 = Release|Any CPU
		{3D6B1545-348A-4AB7-B091-218CC9CFF78A}.Release|ARM.ActiveCfg = Release|Any CPU
		{3D6B1545-348A-4AB7-B091-218CC9CFF78A}.Release|ARM.Build.0 = Release|Any CPU
		{3D6B1545-348A-4AB7-B091-218CC9CFF78A}.Release|ARM64.ActiveCfg = Release|Any CPU
		{3D6B1545-348A-4AB7-B091-218CC9CFF78A}.Release|ARM64.Build.0 = Release|Any CPU
		{3D6B1545-348A-4AB7-B091-218CC9CFF78A}.Release|x64.ActiveCfg = Release|Any CPU
		{3D6B1545-348A-4AB7-B091-218CC9CFF78A}.Release|x64.Build.0 = Release|Any CPU
		{3D6B1545-348A-4AB7-B091-218CC9CFF78A}.Release|x86.ActiveCfg = Release|Any CPU
		{3D6B1545-348A-4AB7-B091-218CC9CFF78A}.Release|x86.Build.0 = Release|Any CPU
		{D04AA80D-AA80-497A-AF44-86867DE8FB10}.Debug|Any CPU.ActiveCfg = Debug|Any CPU
		{D04AA80D-AA80-497A-AF44-86867DE8FB10}.Debug|Any CPU.Build.0 = Debug|Any CPU
		{D04AA80D-AA80-497A-AF44-86867DE8FB10}.Debug|Any CPU.Deploy.0 = Debug|Any CPU
		{D04AA80D-AA80-497A-AF44-86867DE8FB10}.Debug|ARM.ActiveCfg = Debug|ARM
		{D04AA80D-AA80-497A-AF44-86867DE8FB10}.Debug|ARM.Build.0 = Debug|ARM
		{D04AA80D-AA80-497A-AF44-86867DE8FB10}.Debug|ARM.Deploy.0 = Debug|ARM
		{D04AA80D-AA80-497A-AF44-86867DE8FB10}.Debug|ARM64.ActiveCfg = Debug|ARM64
		{D04AA80D-AA80-497A-AF44-86867DE8FB10}.Debug|ARM64.Build.0 = Debug|ARM64
		{D04AA80D-AA80-497A-AF44-86867DE8FB10}.Debug|ARM64.Deploy.0 = Debug|ARM64
		{D04AA80D-AA80-497A-AF44-86867DE8FB10}.Debug|x64.ActiveCfg = Debug|x64
		{D04AA80D-AA80-497A-AF44-86867DE8FB10}.Debug|x64.Build.0 = Debug|x64
		{D04AA80D-AA80-497A-AF44-86867DE8FB10}.Debug|x64.Deploy.0 = Debug|x64
		{D04AA80D-AA80-497A-AF44-86867DE8FB10}.Debug|x86.ActiveCfg = Debug|x86
		{D04AA80D-AA80-497A-AF44-86867DE8FB10}.Debug|x86.Build.0 = Debug|x86
		{D04AA80D-AA80-497A-AF44-86867DE8FB10}.Debug|x86.Deploy.0 = Debug|x86
		{D04AA80D-AA80-497A-AF44-86867DE8FB10}.Release|Any CPU.ActiveCfg = Release|Any CPU
		{D04AA80D-AA80-497A-AF44-86867DE8FB10}.Release|Any CPU.Build.0 = Release|Any CPU
		{D04AA80D-AA80-497A-AF44-86867DE8FB10}.Release|Any CPU.Deploy.0 = Release|Any CPU
		{D04AA80D-AA80-497A-AF44-86867DE8FB10}.Release|ARM.ActiveCfg = Release|ARM
		{D04AA80D-AA80-497A-AF44-86867DE8FB10}.Release|ARM.Build.0 = Release|ARM
		{D04AA80D-AA80-497A-AF44-86867DE8FB10}.Release|ARM.Deploy.0 = Release|ARM
		{D04AA80D-AA80-497A-AF44-86867DE8FB10}.Release|ARM64.ActiveCfg = Release|ARM64
		{D04AA80D-AA80-497A-AF44-86867DE8FB10}.Release|ARM64.Build.0 = Release|ARM64
		{D04AA80D-AA80-497A-AF44-86867DE8FB10}.Release|ARM64.Deploy.0 = Release|ARM64
		{D04AA80D-AA80-497A-AF44-86867DE8FB10}.Release|x64.ActiveCfg = Release|x64
		{D04AA80D-AA80-497A-AF44-86867DE8FB10}.Release|x64.Build.0 = Release|x64
		{D04AA80D-AA80-497A-AF44-86867DE8FB10}.Release|x64.Deploy.0 = Release|x64
		{D04AA80D-AA80-497A-AF44-86867DE8FB10}.Release|x86.ActiveCfg = Release|x86
		{D04AA80D-AA80-497A-AF44-86867DE8FB10}.Release|x86.Build.0 = Release|x86
		{D04AA80D-AA80-497A-AF44-86867DE8FB10}.Release|x86.Deploy.0 = Release|x86
	EndGlobalSection
	GlobalSection(SolutionProperties) = preSolution
		HideSolutionNode = FALSE
	EndGlobalSection
EndGlobal
